
Microsoft Visual Studio Solution File, Format Version 12.00
# Visual Studio Version 17
VisualStudioVersion = 17.3.32825.248
MinimumVisualStudioVersion = 10.0.40219.1
Project("{FAE04EC0-301F-11D3-BF4B-00C04F79EFBC}") = "WebApplication10", "WebApplication10.csproj", "{8D61785E-8D45-4638-9557-5349D7571594}"
EndProject
Global
	GlobalSection(SolutionConfigurationPlatforms) = preSolution
		Debug|Any CPU = Debug|Any CPU
		Release|Any CPU = Release|Any CPU
	EndGlobalSection
	GlobalSection(ProjectConfigurationPlatforms) = postSolution
		{8D61785E-8D45-4638-9557-5349D7571594}.Debug|Any CPU.ActiveCfg = Debug|Any CPU
		{8D61785E-8D45-4638-9557-5349D7571594}.Debug|Any CPU.Build.0 = Debug|Any CPU
		{8D61785E-8D45-4638-9557-5349D7571594}.Release|Any CPU.ActiveCfg = Release|Any CPU
		{8D61785E-8D45-4638-9557-5349D7571594}.Release|Any CPU.Build.0 = Release|Any CPU
	EndGlobalSection
	GlobalSection(SolutionProperties) = preSolution
		HideSolutionNode = FALSE
	EndGlobalSection
	GlobalSection(ExtensibilityGlobals) = postSolution
		SolutionGuid = {A7D71F52-EFF8-40D0-9F3A-219418D9DAB7}
	EndGlobalSection
EndGlobal
